
Microsoft Visual Studio Solution File, Format Version 12.00
# Visual Studio 15
VisualStudioVersion = 15.0.28307.539
MinimumVisualStudioVersion = 10.0.40219.1
Project("{FAE04EC0-301F-11D3-BF4B-00C04F79EFBC}") = "Odds Grabber - sbobet", "Odds Grabber - sbobet\Odds Grabber - sbobet.csproj", "{3B2A11EF-84DA-4FEE-B18C-3A53CDC9CAF0}"
EndProject
Global
	GlobalSection(SolutionConfigurationPlatforms) = preSolution
		Debug|Any CPU = Debug|Any CPU
		Debug|x86 = Debug|x86
		Release|Any CPU = Release|Any CPU
		Release|x86 = Release|x86
	EndGlobalSection
	GlobalSection(ProjectConfigurationPlatforms) = postSolution
		{3B2A11EF-84DA-4FEE-B18C-3A53CDC9CAF0}.Debug|Any CPU.ActiveCfg = Debug|Any CPU
		{3B2A11EF-84DA-4FEE-B18C-3A53CDC9CAF0}.Debug|Any CPU.Build.0 = Debug|Any CPU
		{3B2A11EF-84DA-4FEE-B18C-3A53CDC9CAF0}.Debug|x86.ActiveCfg = Debug|x86
		{3B2A11EF-84DA-4FEE-B18C-3A53CDC9CAF0}.Debug|x86.Build.0 = Debug|x86
		{3B2A11EF-84DA-4FEE-B18C-3A53CDC9CAF0}.Release|Any CPU.ActiveCfg = Release|Any CPU
		{3B2A11EF-84DA-4FEE-B18C-3A53CDC9CAF0}.Release|Any CPU.Build.0 = Release|Any CPU
		{3B2A11EF-84DA-4FEE-B18C-3A53CDC9CAF0}.Release|x86.ActiveCfg = Release|Any CPU
		{3B2A11EF-84DA-4FEE-B18C-3A53CDC9CAF0}.Release|x86.Build.0 = Release|Any CPU
	EndGlobalSection
	GlobalSection(SolutionProperties) = preSolution
		HideSolutionNode = FALSE
	EndGlobalSection
	GlobalSection(ExtensibilityGlobals) = postSolution
		SolutionGuid = {91702E5E-137F-40C8-92BC-17E6C22DA0CA}
	EndGlobalSection
EndGlobal
